// !$*UTF8*$!
{
	archiveVersion = 1;
	classes = {
	};
	objectVersion = 46;
	objects = {

/* Begin PBXBuildFile section */
		07F858A227E1BEC9D03FFC50 /* libPods-LaunchDarklyTests.a in Frameworks */ = {isa = PBXBuildFile; fileRef = 5B596FB117F4F9CBE92F5383 /* libPods-LaunchDarklyTests.a */; };
		694B48981E4CD8E2008BF9A1 /* LaunchDarkly.framework in Frameworks */ = {isa = PBXBuildFile; fileRef = 694B488E1E4CD8E2008BF9A1 /* LaunchDarkly.framework */; };
		69A762091E4DC38F00A8B2D1 /* LDDataManager.h in Headers */ = {isa = PBXBuildFile; fileRef = 69A761EE1E4DC38F00A8B2D1 /* LDDataManager.h */; };
		69A7620A1E4DC38F00A8B2D1 /* LDDataManager.m in Sources */ = {isa = PBXBuildFile; fileRef = 69A761EF1E4DC38F00A8B2D1 /* LDDataManager.m */; };
		69A7620B1E4DC38F00A8B2D1 /* Darkly-Prefix.pch in Headers */ = {isa = PBXBuildFile; fileRef = 69A761F01E4DC38F00A8B2D1 /* Darkly-Prefix.pch */; };
		69A7620C1E4DC38F00A8B2D1 /* DarklyConstants.h in Headers */ = {isa = PBXBuildFile; fileRef = 69A761F11E4DC38F00A8B2D1 /* DarklyConstants.h */; };
		69A7620D1E4DC38F00A8B2D1 /* DarklyConstants.m in Sources */ = {isa = PBXBuildFile; fileRef = 69A761F21E4DC38F00A8B2D1 /* DarklyConstants.m */; };
		69A7620E1E4DC38F00A8B2D1 /* LDClient.h in Headers */ = {isa = PBXBuildFile; fileRef = 69A761F31E4DC38F00A8B2D1 /* LDClient.h */; };
		69A7620F1E4DC38F00A8B2D1 /* LDClient.m in Sources */ = {isa = PBXBuildFile; fileRef = 69A761F41E4DC38F00A8B2D1 /* LDClient.m */; };
		69A762101E4DC38F00A8B2D1 /* LDClientManager.h in Headers */ = {isa = PBXBuildFile; fileRef = 69A761F51E4DC38F00A8B2D1 /* LDClientManager.h */; };
		69A762111E4DC38F00A8B2D1 /* LDClientManager.m in Sources */ = {isa = PBXBuildFile; fileRef = 69A761F61E4DC38F00A8B2D1 /* LDClientManager.m */; };
		69A762121E4DC38F00A8B2D1 /* LDConfig.h in Headers */ = {isa = PBXBuildFile; fileRef = 69A761F71E4DC38F00A8B2D1 /* LDConfig.h */; };
		69A762131E4DC38F00A8B2D1 /* LDConfig.m in Sources */ = {isa = PBXBuildFile; fileRef = 69A761F81E4DC38F00A8B2D1 /* LDConfig.m */; };
		69A762141E4DC38F00A8B2D1 /* LDEventModel.h in Headers */ = {isa = PBXBuildFile; fileRef = 69A761F91E4DC38F00A8B2D1 /* LDEventModel.h */; };
		69A762151E4DC38F00A8B2D1 /* LDEventModel.m in Sources */ = {isa = PBXBuildFile; fileRef = 69A761FA1E4DC38F00A8B2D1 /* LDEventModel.m */; };
		69A762161E4DC38F00A8B2D1 /* LDFlagConfigModel.h in Headers */ = {isa = PBXBuildFile; fileRef = 69A761FB1E4DC38F00A8B2D1 /* LDFlagConfigModel.h */; };
		69A762171E4DC38F00A8B2D1 /* LDFlagConfigModel.m in Sources */ = {isa = PBXBuildFile; fileRef = 69A761FC1E4DC38F00A8B2D1 /* LDFlagConfigModel.m */; };
		69A762181E4DC38F00A8B2D1 /* LDPollingManager.h in Headers */ = {isa = PBXBuildFile; fileRef = 69A761FD1E4DC38F00A8B2D1 /* LDPollingManager.h */; };
		69A762191E4DC38F00A8B2D1 /* LDPollingManager.m in Sources */ = {isa = PBXBuildFile; fileRef = 69A761FE1E4DC38F00A8B2D1 /* LDPollingManager.m */; };
		69A7621A1E4DC38F00A8B2D1 /* LDRequestManager.h in Headers */ = {isa = PBXBuildFile; fileRef = 69A761FF1E4DC38F00A8B2D1 /* LDRequestManager.h */; };
		69A7621B1E4DC38F00A8B2D1 /* LDRequestManager.m in Sources */ = {isa = PBXBuildFile; fileRef = 69A762001E4DC38F00A8B2D1 /* LDRequestManager.m */; };
		69A7621C1E4DC38F00A8B2D1 /* LDUserBuilder.h in Headers */ = {isa = PBXBuildFile; fileRef = 69A762011E4DC38F00A8B2D1 /* LDUserBuilder.h */; };
		69A7621D1E4DC38F00A8B2D1 /* LDUserBuilder.m in Sources */ = {isa = PBXBuildFile; fileRef = 69A762021E4DC38F00A8B2D1 /* LDUserBuilder.m */; };
		69A7621E1E4DC38F00A8B2D1 /* LDUserModel.h in Headers */ = {isa = PBXBuildFile; fileRef = 69A762031E4DC38F00A8B2D1 /* LDUserModel.h */; };
		69A7621F1E4DC38F00A8B2D1 /* LDUserModel.m in Sources */ = {isa = PBXBuildFile; fileRef = 69A762041E4DC38F00A8B2D1 /* LDUserModel.m */; };
		69A762201E4DC38F00A8B2D1 /* LDUtil.h in Headers */ = {isa = PBXBuildFile; fileRef = 69A762051E4DC38F00A8B2D1 /* LDUtil.h */; };
		69A762211E4DC38F00A8B2D1 /* LDUtil.m in Sources */ = {isa = PBXBuildFile; fileRef = 69A762061E4DC38F00A8B2D1 /* LDUtil.m */; };
		69A762221E4DC38F00A8B2D1 /* NSDictionary+JSON.h in Headers */ = {isa = PBXBuildFile; fileRef = 69A762071E4DC38F00A8B2D1 /* NSDictionary+JSON.h */; };
		69A762231E4DC38F00A8B2D1 /* NSDictionary+JSON.m in Sources */ = {isa = PBXBuildFile; fileRef = 69A762081E4DC38F00A8B2D1 /* NSDictionary+JSON.m */; };
		69A762371E4DC39D00A8B2D1 /* NSArray+UnitTests.m in Sources */ = {isa = PBXBuildFile; fileRef = 69A762261E4DC39D00A8B2D1 /* NSArray+UnitTests.m */; };
		69A762381E4DC39D00A8B2D1 /* DarklyXCTestCase.m in Sources */ = {isa = PBXBuildFile; fileRef = 69A762281E4DC39D00A8B2D1 /* DarklyXCTestCase.m */; };
		69A762391E4DC39D00A8B2D1 /* feature_flags.json in Resources */ = {isa = PBXBuildFile; fileRef = 69A7622A1E4DC39D00A8B2D1 /* feature_flags.json */; };
		69A7623A1E4DC39D00A8B2D1 /* LDClientManagerTest.m in Sources */ = {isa = PBXBuildFile; fileRef = 69A7622B1E4DC39D00A8B2D1 /* LDClientManagerTest.m */; };
		69A7623B1E4DC39D00A8B2D1 /* LDClientTest.m in Sources */ = {isa = PBXBuildFile; fileRef = 69A7622C1E4DC39D00A8B2D1 /* LDClientTest.m */; };
		69A7623C1E4DC39D00A8B2D1 /* LDConfigTest.m in Sources */ = {isa = PBXBuildFile; fileRef = 69A7622D1E4DC39D00A8B2D1 /* LDConfigTest.m */; };
		69A7623D1E4DC39D00A8B2D1 /* LDFlagConfigModelTest.m in Sources */ = {isa = PBXBuildFile; fileRef = 69A7622E1E4DC39D00A8B2D1 /* LDFlagConfigModelTest.m */; };
		69A7623E1E4DC39D00A8B2D1 /* LDPollingManagerTest.m in Sources */ = {isa = PBXBuildFile; fileRef = 69A7622F1E4DC39D00A8B2D1 /* LDPollingManagerTest.m */; };
		69A762401E4DC39D00A8B2D1 /* LDUserBuilderTest.m in Sources */ = {isa = PBXBuildFile; fileRef = 69A762311E4DC39D00A8B2D1 /* LDUserBuilderTest.m */; };
		69A762411E4DC39D00A8B2D1 /* LDUtilTest.m in Sources */ = {isa = PBXBuildFile; fileRef = 69A762321E4DC39D00A8B2D1 /* LDUtilTest.m */; };
		69A762421E4DC39D00A8B2D1 /* LDDataManagerTest.m in Sources */ = {isa = PBXBuildFile; fileRef = 69A762341E4DC39D00A8B2D1 /* LDDataManagerTest.m */; };
		69A762431E4DC39D00A8B2D1 /* LDEventModelTest.m in Sources */ = {isa = PBXBuildFile; fileRef = 69A762351E4DC39D00A8B2D1 /* LDEventModelTest.m */; };
		69A762441E4DC39D00A8B2D1 /* LDUserModelTest.m in Sources */ = {isa = PBXBuildFile; fileRef = 69A762361E4DC39D00A8B2D1 /* LDUserModelTest.m */; };
		69A762461E4DC42E00A8B2D1 /* LaunchDarkly.h in Headers */ = {isa = PBXBuildFile; fileRef = 69A762451E4DC42E00A8B2D1 /* LaunchDarkly.h */; };
		DF954F97C501595871EA6FDC /* libPods-LaunchDarkly.a in Frameworks */ = {isa = PBXBuildFile; fileRef = 5D6B9204FD890611EC77B3C8 /* libPods-LaunchDarkly.a */; };
/* End PBXBuildFile section */

/* Begin PBXContainerItemProxy section */
		694B48991E4CD8E2008BF9A1 /* PBXContainerItemProxy */ = {
			isa = PBXContainerItemProxy;
			containerPortal = 694B48851E4CD8E2008BF9A1 /* Project object */;
			proxyType = 1;
			remoteGlobalIDString = 694B488D1E4CD8E2008BF9A1;
			remoteInfo = LaunchDarkly;
		};
/* End PBXContainerItemProxy section */

/* Begin PBXFileReference section */
		0889A3318E1952C091C9B4F8 /* Pods-LaunchDarkly.release.xcconfig */ = {isa = PBXFileReference; includeInIndex = 1; lastKnownFileType = text.xcconfig; name = "Pods-LaunchDarkly.release.xcconfig"; path = "Pods/Target Support Files/Pods-LaunchDarkly/Pods-LaunchDarkly.release.xcconfig"; sourceTree = "<group>"; };
		298BA124F4D04C144082D8D2 /* Pods-LaunchDarklyTests.debug.xcconfig */ = {isa = PBXFileReference; includeInIndex = 1; lastKnownFileType = text.xcconfig; name = "Pods-LaunchDarklyTests.debug.xcconfig"; path = "Pods/Target Support Files/Pods-LaunchDarklyTests/Pods-LaunchDarklyTests.debug.xcconfig"; sourceTree = "<group>"; };
		5B596FB117F4F9CBE92F5383 /* libPods-LaunchDarklyTests.a */ = {isa = PBXFileReference; explicitFileType = archive.ar; includeInIndex = 0; path = "libPods-LaunchDarklyTests.a"; sourceTree = BUILT_PRODUCTS_DIR; };
		5D6B9204FD890611EC77B3C8 /* libPods-LaunchDarkly.a */ = {isa = PBXFileReference; explicitFileType = archive.ar; includeInIndex = 0; path = "libPods-LaunchDarkly.a"; sourceTree = BUILT_PRODUCTS_DIR; };
		694B488E1E4CD8E2008BF9A1 /* LaunchDarkly.framework */ = {isa = PBXFileReference; explicitFileType = wrapper.framework; includeInIndex = 0; path = LaunchDarkly.framework; sourceTree = BUILT_PRODUCTS_DIR; };
		694B48921E4CD8E2008BF9A1 /* Info.plist */ = {isa = PBXFileReference; lastKnownFileType = text.plist.xml; path = Info.plist; sourceTree = "<group>"; };
		694B48971E4CD8E2008BF9A1 /* LaunchDarklyTests.xctest */ = {isa = PBXFileReference; explicitFileType = wrapper.cfbundle; includeInIndex = 0; path = LaunchDarklyTests.xctest; sourceTree = BUILT_PRODUCTS_DIR; };
		694B489E1E4CD8E2008BF9A1 /* Info.plist */ = {isa = PBXFileReference; lastKnownFileType = text.plist.xml; path = Info.plist; sourceTree = "<group>"; };
		69A761EE1E4DC38F00A8B2D1 /* LDDataManager.h */ = {isa = PBXFileReference; fileEncoding = 4; lastKnownFileType = sourcecode.c.h; path = LDDataManager.h; sourceTree = "<group>"; };
		69A761EF1E4DC38F00A8B2D1 /* LDDataManager.m */ = {isa = PBXFileReference; fileEncoding = 4; lastKnownFileType = sourcecode.c.objc; path = LDDataManager.m; sourceTree = "<group>"; };
		69A761F01E4DC38F00A8B2D1 /* Darkly-Prefix.pch */ = {isa = PBXFileReference; fileEncoding = 4; lastKnownFileType = sourcecode.c.h; path = "Darkly-Prefix.pch"; sourceTree = "<group>"; };
		69A761F11E4DC38F00A8B2D1 /* DarklyConstants.h */ = {isa = PBXFileReference; fileEncoding = 4; lastKnownFileType = sourcecode.c.h; path = DarklyConstants.h; sourceTree = "<group>"; };
		69A761F21E4DC38F00A8B2D1 /* DarklyConstants.m */ = {isa = PBXFileReference; fileEncoding = 4; lastKnownFileType = sourcecode.c.objc; path = DarklyConstants.m; sourceTree = "<group>"; };
		69A761F31E4DC38F00A8B2D1 /* LDClient.h */ = {isa = PBXFileReference; fileEncoding = 4; lastKnownFileType = sourcecode.c.h; path = LDClient.h; sourceTree = "<group>"; };
		69A761F41E4DC38F00A8B2D1 /* LDClient.m */ = {isa = PBXFileReference; fileEncoding = 4; lastKnownFileType = sourcecode.c.objc; path = LDClient.m; sourceTree = "<group>"; };
		69A761F51E4DC38F00A8B2D1 /* LDClientManager.h */ = {isa = PBXFileReference; fileEncoding = 4; lastKnownFileType = sourcecode.c.h; path = LDClientManager.h; sourceTree = "<group>"; };
		69A761F61E4DC38F00A8B2D1 /* LDClientManager.m */ = {isa = PBXFileReference; fileEncoding = 4; lastKnownFileType = sourcecode.c.objc; path = LDClientManager.m; sourceTree = "<group>"; };
		69A761F71E4DC38F00A8B2D1 /* LDConfig.h */ = {isa = PBXFileReference; fileEncoding = 4; lastKnownFileType = sourcecode.c.h; path = LDConfig.h; sourceTree = "<group>"; };
		69A761F81E4DC38F00A8B2D1 /* LDConfig.m */ = {isa = PBXFileReference; fileEncoding = 4; lastKnownFileType = sourcecode.c.objc; path = LDConfig.m; sourceTree = "<group>"; };
		69A761F91E4DC38F00A8B2D1 /* LDEventModel.h */ = {isa = PBXFileReference; fileEncoding = 4; lastKnownFileType = sourcecode.c.h; path = LDEventModel.h; sourceTree = "<group>"; };
		69A761FA1E4DC38F00A8B2D1 /* LDEventModel.m */ = {isa = PBXFileReference; fileEncoding = 4; lastKnownFileType = sourcecode.c.objc; path = LDEventModel.m; sourceTree = "<group>"; };
		69A761FB1E4DC38F00A8B2D1 /* LDFlagConfigModel.h */ = {isa = PBXFileReference; fileEncoding = 4; lastKnownFileType = sourcecode.c.h; path = LDFlagConfigModel.h; sourceTree = "<group>"; };
		69A761FC1E4DC38F00A8B2D1 /* LDFlagConfigModel.m */ = {isa = PBXFileReference; fileEncoding = 4; lastKnownFileType = sourcecode.c.objc; path = LDFlagConfigModel.m; sourceTree = "<group>"; };
		69A761FD1E4DC38F00A8B2D1 /* LDPollingManager.h */ = {isa = PBXFileReference; fileEncoding = 4; lastKnownFileType = sourcecode.c.h; path = LDPollingManager.h; sourceTree = "<group>"; };
		69A761FE1E4DC38F00A8B2D1 /* LDPollingManager.m */ = {isa = PBXFileReference; fileEncoding = 4; lastKnownFileType = sourcecode.c.objc; path = LDPollingManager.m; sourceTree = "<group>"; };
		69A761FF1E4DC38F00A8B2D1 /* LDRequestManager.h */ = {isa = PBXFileReference; fileEncoding = 4; lastKnownFileType = sourcecode.c.h; path = LDRequestManager.h; sourceTree = "<group>"; };
		69A762001E4DC38F00A8B2D1 /* LDRequestManager.m */ = {isa = PBXFileReference; fileEncoding = 4; lastKnownFileType = sourcecode.c.objc; path = LDRequestManager.m; sourceTree = "<group>"; };
		69A762011E4DC38F00A8B2D1 /* LDUserBuilder.h */ = {isa = PBXFileReference; fileEncoding = 4; lastKnownFileType = sourcecode.c.h; path = LDUserBuilder.h; sourceTree = "<group>"; };
		69A762021E4DC38F00A8B2D1 /* LDUserBuilder.m */ = {isa = PBXFileReference; fileEncoding = 4; lastKnownFileType = sourcecode.c.objc; path = LDUserBuilder.m; sourceTree = "<group>"; };
		69A762031E4DC38F00A8B2D1 /* LDUserModel.h */ = {isa = PBXFileReference; fileEncoding = 4; lastKnownFileType = sourcecode.c.h; path = LDUserModel.h; sourceTree = "<group>"; };
		69A762041E4DC38F00A8B2D1 /* LDUserModel.m */ = {isa = PBXFileReference; fileEncoding = 4; lastKnownFileType = sourcecode.c.objc; path = LDUserModel.m; sourceTree = "<group>"; };
		69A762051E4DC38F00A8B2D1 /* LDUtil.h */ = {isa = PBXFileReference; fileEncoding = 4; lastKnownFileType = sourcecode.c.h; path = LDUtil.h; sourceTree = "<group>"; };
		69A762061E4DC38F00A8B2D1 /* LDUtil.m */ = {isa = PBXFileReference; fileEncoding = 4; lastKnownFileType = sourcecode.c.objc; path = LDUtil.m; sourceTree = "<group>"; };
		69A762071E4DC38F00A8B2D1 /* NSDictionary+JSON.h */ = {isa = PBXFileReference; fileEncoding = 4; lastKnownFileType = sourcecode.c.h; path = "NSDictionary+JSON.h"; sourceTree = "<group>"; };
		69A762081E4DC38F00A8B2D1 /* NSDictionary+JSON.m */ = {isa = PBXFileReference; fileEncoding = 4; lastKnownFileType = sourcecode.c.objc; path = "NSDictionary+JSON.m"; sourceTree = "<group>"; };
		69A762251E4DC39D00A8B2D1 /* NSArray+UnitTests.h */ = {isa = PBXFileReference; fileEncoding = 4; lastKnownFileType = sourcecode.c.h; path = "NSArray+UnitTests.h"; sourceTree = "<group>"; };
		69A762261E4DC39D00A8B2D1 /* NSArray+UnitTests.m */ = {isa = PBXFileReference; fileEncoding = 4; lastKnownFileType = sourcecode.c.objc; path = "NSArray+UnitTests.m"; sourceTree = "<group>"; };
		69A762271E4DC39D00A8B2D1 /* DarklyXCTestCase.h */ = {isa = PBXFileReference; fileEncoding = 4; lastKnownFileType = sourcecode.c.h; path = DarklyXCTestCase.h; sourceTree = "<group>"; };
		69A762281E4DC39D00A8B2D1 /* DarklyXCTestCase.m */ = {isa = PBXFileReference; fileEncoding = 4; lastKnownFileType = sourcecode.c.objc; path = DarklyXCTestCase.m; sourceTree = "<group>"; };
		69A7622A1E4DC39D00A8B2D1 /* feature_flags.json */ = {isa = PBXFileReference; fileEncoding = 4; lastKnownFileType = text.json; path = feature_flags.json; sourceTree = "<group>"; };
		69A7622B1E4DC39D00A8B2D1 /* LDClientManagerTest.m */ = {isa = PBXFileReference; fileEncoding = 4; lastKnownFileType = sourcecode.c.objc; path = LDClientManagerTest.m; sourceTree = "<group>"; };
		69A7622C1E4DC39D00A8B2D1 /* LDClientTest.m */ = {isa = PBXFileReference; fileEncoding = 4; lastKnownFileType = sourcecode.c.objc; path = LDClientTest.m; sourceTree = "<group>"; };
		69A7622D1E4DC39D00A8B2D1 /* LDConfigTest.m */ = {isa = PBXFileReference; fileEncoding = 4; lastKnownFileType = sourcecode.c.objc; path = LDConfigTest.m; sourceTree = "<group>"; };
		69A7622E1E4DC39D00A8B2D1 /* LDFlagConfigModelTest.m */ = {isa = PBXFileReference; fileEncoding = 4; lastKnownFileType = sourcecode.c.objc; path = LDFlagConfigModelTest.m; sourceTree = "<group>"; };
		69A7622F1E4DC39D00A8B2D1 /* LDPollingManagerTest.m */ = {isa = PBXFileReference; fileEncoding = 4; lastKnownFileType = sourcecode.c.objc; path = LDPollingManagerTest.m; sourceTree = "<group>"; };
		69A762301E4DC39D00A8B2D1 /* LDRequestManagerTest.m */ = {isa = PBXFileReference; fileEncoding = 4; lastKnownFileType = sourcecode.c.objc; path = LDRequestManagerTest.m; sourceTree = "<group>"; };
		69A762311E4DC39D00A8B2D1 /* LDUserBuilderTest.m */ = {isa = PBXFileReference; fileEncoding = 4; lastKnownFileType = sourcecode.c.objc; path = LDUserBuilderTest.m; sourceTree = "<group>"; };
		69A762321E4DC39D00A8B2D1 /* LDUtilTest.m */ = {isa = PBXFileReference; fileEncoding = 4; lastKnownFileType = sourcecode.c.objc; path = LDUtilTest.m; sourceTree = "<group>"; };
		69A762341E4DC39D00A8B2D1 /* LDDataManagerTest.m */ = {isa = PBXFileReference; fileEncoding = 4; lastKnownFileType = sourcecode.c.objc; path = LDDataManagerTest.m; sourceTree = "<group>"; };
		69A762351E4DC39D00A8B2D1 /* LDEventModelTest.m */ = {isa = PBXFileReference; fileEncoding = 4; lastKnownFileType = sourcecode.c.objc; path = LDEventModelTest.m; sourceTree = "<group>"; };
		69A762361E4DC39D00A8B2D1 /* LDUserModelTest.m */ = {isa = PBXFileReference; fileEncoding = 4; lastKnownFileType = sourcecode.c.objc; path = LDUserModelTest.m; sourceTree = "<group>"; };
		69A762451E4DC42E00A8B2D1 /* LaunchDarkly.h */ = {isa = PBXFileReference; fileEncoding = 4; lastKnownFileType = sourcecode.c.h; path = LaunchDarkly.h; sourceTree = "<group>"; };
		779CD9DB2FD0B27B6BE4A82F /* Pods-LaunchDarklyTests.release.xcconfig */ = {isa = PBXFileReference; includeInIndex = 1; lastKnownFileType = text.xcconfig; name = "Pods-LaunchDarklyTests.release.xcconfig"; path = "Pods/Target Support Files/Pods-LaunchDarklyTests/Pods-LaunchDarklyTests.release.xcconfig"; sourceTree = "<group>"; };
		F40F81F9FD5537526B72743F /* Pods-LaunchDarkly.debug.xcconfig */ = {isa = PBXFileReference; includeInIndex = 1; lastKnownFileType = text.xcconfig; name = "Pods-LaunchDarkly.debug.xcconfig"; path = "Pods/Target Support Files/Pods-LaunchDarkly/Pods-LaunchDarkly.debug.xcconfig"; sourceTree = "<group>"; };
/* End PBXFileReference section */

/* Begin PBXFrameworksBuildPhase section */
		694B488A1E4CD8E2008BF9A1 /* Frameworks */ = {
			isa = PBXFrameworksBuildPhase;
			buildActionMask = 2147483647;
			files = (
				DF954F97C501595871EA6FDC /* libPods-LaunchDarkly.a in Frameworks */,
			);
			runOnlyForDeploymentPostprocessing = 0;
		};
		694B48941E4CD8E2008BF9A1 /* Frameworks */ = {
			isa = PBXFrameworksBuildPhase;
			buildActionMask = 2147483647;
			files = (
				694B48981E4CD8E2008BF9A1 /* LaunchDarkly.framework in Frameworks */,
				07F858A227E1BEC9D03FFC50 /* libPods-LaunchDarklyTests.a in Frameworks */,
			);
			runOnlyForDeploymentPostprocessing = 0;
		};
/* End PBXFrameworksBuildPhase section */

/* Begin PBXGroup section */
		694B48841E4CD8E2008BF9A1 = {
			isa = PBXGroup;
			children = (
				694B48901E4CD8E2008BF9A1 /* LaunchDarkly */,
				694B489B1E4CD8E2008BF9A1 /* LaunchDarklyTests */,
				694B488F1E4CD8E2008BF9A1 /* Products */,
				F11779D6A0FAABD18EFE944B /* Pods */,
				ADCE0E8EDB7A008C8FB0C002 /* Frameworks */,
			);
			sourceTree = "<group>";
		};
		694B488F1E4CD8E2008BF9A1 /* Products */ = {
			isa = PBXGroup;
			children = (
				694B488E1E4CD8E2008BF9A1 /* LaunchDarkly.framework */,
				694B48971E4CD8E2008BF9A1 /* LaunchDarklyTests.xctest */,
			);
			name = Products;
			sourceTree = "<group>";
		};
		694B48901E4CD8E2008BF9A1 /* LaunchDarkly */ = {
			isa = PBXGroup;
			children = (
				69A761F01E4DC38F00A8B2D1 /* Darkly-Prefix.pch */,
				69A762451E4DC42E00A8B2D1 /* LaunchDarkly.h */,
				69A761F11E4DC38F00A8B2D1 /* DarklyConstants.h */,
				69A761F21E4DC38F00A8B2D1 /* DarklyConstants.m */,
				69A761F31E4DC38F00A8B2D1 /* LDClient.h */,
				69A761F41E4DC38F00A8B2D1 /* LDClient.m */,
				69A761F51E4DC38F00A8B2D1 /* LDClientManager.h */,
				69A761F61E4DC38F00A8B2D1 /* LDClientManager.m */,
				69A761F71E4DC38F00A8B2D1 /* LDConfig.h */,
				69A761F81E4DC38F00A8B2D1 /* LDConfig.m */,
				69A761EE1E4DC38F00A8B2D1 /* LDDataManager.h */,
				69A761EF1E4DC38F00A8B2D1 /* LDDataManager.m */,
				69A761F91E4DC38F00A8B2D1 /* LDEventModel.h */,
				69A761FA1E4DC38F00A8B2D1 /* LDEventModel.m */,
				69A761FB1E4DC38F00A8B2D1 /* LDFlagConfigModel.h */,
				69A761FC1E4DC38F00A8B2D1 /* LDFlagConfigModel.m */,
				69A761FD1E4DC38F00A8B2D1 /* LDPollingManager.h */,
				69A761FE1E4DC38F00A8B2D1 /* LDPollingManager.m */,
				69A761FF1E4DC38F00A8B2D1 /* LDRequestManager.h */,
				69A762001E4DC38F00A8B2D1 /* LDRequestManager.m */,
				69A762011E4DC38F00A8B2D1 /* LDUserBuilder.h */,
				69A762021E4DC38F00A8B2D1 /* LDUserBuilder.m */,
				69A762031E4DC38F00A8B2D1 /* LDUserModel.h */,
				69A762041E4DC38F00A8B2D1 /* LDUserModel.m */,
				69A762051E4DC38F00A8B2D1 /* LDUtil.h */,
				69A762061E4DC38F00A8B2D1 /* LDUtil.m */,
				69A762071E4DC38F00A8B2D1 /* NSDictionary+JSON.h */,
				69A762081E4DC38F00A8B2D1 /* NSDictionary+JSON.m */,
				694B48921E4CD8E2008BF9A1 /* Info.plist */,
			);
			path = LaunchDarkly;
			sourceTree = "<group>";
		};
		694B489B1E4CD8E2008BF9A1 /* LaunchDarklyTests */ = {
			isa = PBXGroup;
			children = (
				69A762241E4DC39D00A8B2D1 /* Categories */,
				69A762291E4DC39D00A8B2D1 /* Fixtures */,
				69A762331E4DC39D00A8B2D1 /* Models */,
				69A762271E4DC39D00A8B2D1 /* DarklyXCTestCase.h */,
				69A762281E4DC39D00A8B2D1 /* DarklyXCTestCase.m */,
				69A7622B1E4DC39D00A8B2D1 /* LDClientManagerTest.m */,
				69A7622C1E4DC39D00A8B2D1 /* LDClientTest.m */,
				69A7622D1E4DC39D00A8B2D1 /* LDConfigTest.m */,
				69A7622E1E4DC39D00A8B2D1 /* LDFlagConfigModelTest.m */,
				69A7622F1E4DC39D00A8B2D1 /* LDPollingManagerTest.m */,
				69A762301E4DC39D00A8B2D1 /* LDRequestManagerTest.m */,
				69A762311E4DC39D00A8B2D1 /* LDUserBuilderTest.m */,
				69A762321E4DC39D00A8B2D1 /* LDUtilTest.m */,
				694B489E1E4CD8E2008BF9A1 /* Info.plist */,
			);
			path = LaunchDarklyTests;
			sourceTree = "<group>";
		};
		69A762241E4DC39D00A8B2D1 /* Categories */ = {
			isa = PBXGroup;
			children = (
				69A762251E4DC39D00A8B2D1 /* NSArray+UnitTests.h */,
				69A762261E4DC39D00A8B2D1 /* NSArray+UnitTests.m */,
			);
			path = Categories;
			sourceTree = "<group>";
		};
		69A762291E4DC39D00A8B2D1 /* Fixtures */ = {
			isa = PBXGroup;
			children = (
				69A7622A1E4DC39D00A8B2D1 /* feature_flags.json */,
			);
			path = Fixtures;
			sourceTree = "<group>";
		};
		69A762331E4DC39D00A8B2D1 /* Models */ = {
			isa = PBXGroup;
			children = (
				69A762341E4DC39D00A8B2D1 /* LDDataManagerTest.m */,
				69A762351E4DC39D00A8B2D1 /* LDEventModelTest.m */,
				69A762361E4DC39D00A8B2D1 /* LDUserModelTest.m */,
			);
			path = Models;
			sourceTree = "<group>";
		};
		ADCE0E8EDB7A008C8FB0C002 /* Frameworks */ = {
			isa = PBXGroup;
			children = (
				5D6B9204FD890611EC77B3C8 /* libPods-LaunchDarkly.a */,
				5B596FB117F4F9CBE92F5383 /* libPods-LaunchDarklyTests.a */,
			);
			name = Frameworks;
			sourceTree = "<group>";
		};
		F11779D6A0FAABD18EFE944B /* Pods */ = {
			isa = PBXGroup;
			children = (
				F40F81F9FD5537526B72743F /* Pods-LaunchDarkly.debug.xcconfig */,
				0889A3318E1952C091C9B4F8 /* Pods-LaunchDarkly.release.xcconfig */,
				298BA124F4D04C144082D8D2 /* Pods-LaunchDarklyTests.debug.xcconfig */,
				779CD9DB2FD0B27B6BE4A82F /* Pods-LaunchDarklyTests.release.xcconfig */,
			);
			name = Pods;
			sourceTree = "<group>";
		};
/* End PBXGroup section */

/* Begin PBXHeadersBuildPhase section */
		694B488B1E4CD8E2008BF9A1 /* Headers */ = {
			isa = PBXHeadersBuildPhase;
			buildActionMask = 2147483647;
			files = (
				69A762141E4DC38F00A8B2D1 /* LDEventModel.h in Headers */,
				69A762461E4DC42E00A8B2D1 /* LaunchDarkly.h in Headers */,
				69A762101E4DC38F00A8B2D1 /* LDClientManager.h in Headers */,
				69A762161E4DC38F00A8B2D1 /* LDFlagConfigModel.h in Headers */,
				69A7620C1E4DC38F00A8B2D1 /* DarklyConstants.h in Headers */,
				69A762121E4DC38F00A8B2D1 /* LDConfig.h in Headers */,
				69A762181E4DC38F00A8B2D1 /* LDPollingManager.h in Headers */,
				69A7620B1E4DC38F00A8B2D1 /* Darkly-Prefix.pch in Headers */,
				69A762091E4DC38F00A8B2D1 /* LDDataManager.h in Headers */,
				69A7621A1E4DC38F00A8B2D1 /* LDRequestManager.h in Headers */,
				69A762221E4DC38F00A8B2D1 /* NSDictionary+JSON.h in Headers */,
				69A7621C1E4DC38F00A8B2D1 /* LDUserBuilder.h in Headers */,
				69A762201E4DC38F00A8B2D1 /* LDUtil.h in Headers */,
				69A7620E1E4DC38F00A8B2D1 /* LDClient.h in Headers */,
				69A7621E1E4DC38F00A8B2D1 /* LDUserModel.h in Headers */,
			);
			runOnlyForDeploymentPostprocessing = 0;
		};
/* End PBXHeadersBuildPhase section */

/* Begin PBXNativeTarget section */
		694B488D1E4CD8E2008BF9A1 /* LaunchDarkly */ = {
			isa = PBXNativeTarget;
			buildConfigurationList = 694B48A21E4CD8E2008BF9A1 /* Build configuration list for PBXNativeTarget "LaunchDarkly" */;
			buildPhases = (
				DB1C5B6A0088E775CBC9A6DA /* [CP] Check Pods Manifest.lock */,
				694B48891E4CD8E2008BF9A1 /* Sources */,
				694B488A1E4CD8E2008BF9A1 /* Frameworks */,
				694B488B1E4CD8E2008BF9A1 /* Headers */,
				694B488C1E4CD8E2008BF9A1 /* Resources */,
				D571765C506663BF09587031 /* [CP] Copy Pods Resources */,
			);
			buildRules = (
			);
			dependencies = (
			);
			name = LaunchDarkly;
			productName = LaunchDarkly;
			productReference = 694B488E1E4CD8E2008BF9A1 /* LaunchDarkly.framework */;
			productType = "com.apple.product-type.framework";
		};
		694B48961E4CD8E2008BF9A1 /* LaunchDarklyTests */ = {
			isa = PBXNativeTarget;
			buildConfigurationList = 694B48A51E4CD8E2008BF9A1 /* Build configuration list for PBXNativeTarget "LaunchDarklyTests" */;
			buildPhases = (
				9A168BCCCEC8A461F500AE19 /* [CP] Check Pods Manifest.lock */,
				694B48931E4CD8E2008BF9A1 /* Sources */,
				694B48941E4CD8E2008BF9A1 /* Frameworks */,
				694B48951E4CD8E2008BF9A1 /* Resources */,
				6E2520129FBF880E5CC960A4 /* [CP] Embed Pods Frameworks */,
				146DAB171A2C018E1C731557 /* [CP] Copy Pods Resources */,
			);
			buildRules = (
			);
			dependencies = (
				694B489A1E4CD8E2008BF9A1 /* PBXTargetDependency */,
			);
			name = LaunchDarklyTests;
			productName = LaunchDarklyTests;
			productReference = 694B48971E4CD8E2008BF9A1 /* LaunchDarklyTests.xctest */;
			productType = "com.apple.product-type.bundle.unit-test";
		};
/* End PBXNativeTarget section */

/* Begin PBXProject section */
		694B48851E4CD8E2008BF9A1 /* Project object */ = {
			isa = PBXProject;
			attributes = {
				LastUpgradeCheck = 0820;
				ORGANIZATIONNAME = LaunchDarkly;
				TargetAttributes = {
					694B488D1E4CD8E2008BF9A1 = {
						CreatedOnToolsVersion = 8.2.1;
						ProvisioningStyle = Automatic;
					};
					694B48961E4CD8E2008BF9A1 = {
						CreatedOnToolsVersion = 8.2.1;
						ProvisioningStyle = Automatic;
					};
				};
			};
			buildConfigurationList = 694B48881E4CD8E2008BF9A1 /* Build configuration list for PBXProject "LaunchDarkly" */;
			compatibilityVersion = "Xcode 3.2";
			developmentRegion = English;
			hasScannedForEncodings = 0;
			knownRegions = (
				en,
			);
			mainGroup = 694B48841E4CD8E2008BF9A1;
			productRefGroup = 694B488F1E4CD8E2008BF9A1 /* Products */;
			projectDirPath = "";
			projectRoot = "";
			targets = (
				694B488D1E4CD8E2008BF9A1 /* LaunchDarkly */,
				694B48961E4CD8E2008BF9A1 /* LaunchDarklyTests */,
			);
		};
/* End PBXProject section */

/* Begin PBXResourcesBuildPhase section */
		694B488C1E4CD8E2008BF9A1 /* Resources */ = {
			isa = PBXResourcesBuildPhase;
			buildActionMask = 2147483647;
			files = (
			);
			runOnlyForDeploymentPostprocessing = 0;
		};
		694B48951E4CD8E2008BF9A1 /* Resources */ = {
			isa = PBXResourcesBuildPhase;
			buildActionMask = 2147483647;
			files = (
				69A762391E4DC39D00A8B2D1 /* feature_flags.json in Resources */,
			);
			runOnlyForDeploymentPostprocessing = 0;
		};
/* End PBXResourcesBuildPhase section */

/* Begin PBXShellScriptBuildPhase section */
		146DAB171A2C018E1C731557 /* [CP] Copy Pods Resources */ = {
			isa = PBXShellScriptBuildPhase;
			buildActionMask = 2147483647;
			files = (
			);
			inputPaths = (
			);
			name = "[CP] Copy Pods Resources";
			outputPaths = (
			);
			runOnlyForDeploymentPostprocessing = 0;
			shellPath = /bin/sh;
			shellScript = "\"${SRCROOT}/Pods/Target Support Files/Pods-LaunchDarklyTests/Pods-LaunchDarklyTests-resources.sh\"\n";
			showEnvVarsInLog = 0;
		};
		6E2520129FBF880E5CC960A4 /* [CP] Embed Pods Frameworks */ = {
			isa = PBXShellScriptBuildPhase;
			buildActionMask = 2147483647;
			files = (
			);
			inputPaths = (
			);
			name = "[CP] Embed Pods Frameworks";
			outputPaths = (
			);
			runOnlyForDeploymentPostprocessing = 0;
			shellPath = /bin/sh;
			shellScript = "\"${SRCROOT}/Pods/Target Support Files/Pods-LaunchDarklyTests/Pods-LaunchDarklyTests-frameworks.sh\"\n";
			showEnvVarsInLog = 0;
		};
		9A168BCCCEC8A461F500AE19 /* [CP] Check Pods Manifest.lock */ = {
			isa = PBXShellScriptBuildPhase;
			buildActionMask = 2147483647;
			files = (
			);
			inputPaths = (
			);
			name = "[CP] Check Pods Manifest.lock";
			outputPaths = (
			);
			runOnlyForDeploymentPostprocessing = 0;
			shellPath = /bin/sh;
			shellScript = "diff \"${PODS_ROOT}/../Podfile.lock\" \"${PODS_ROOT}/Manifest.lock\" > /dev/null\nif [ $? != 0 ] ; then\n    # print error to STDERR\n    echo \"error: The sandbox is not in sync with the Podfile.lock. Run 'pod install' or update your CocoaPods installation.\" >&2\n    exit 1\nfi\n";
			showEnvVarsInLog = 0;
		};
		D571765C506663BF09587031 /* [CP] Copy Pods Resources */ = {
			isa = PBXShellScriptBuildPhase;
			buildActionMask = 2147483647;
			files = (
			);
			inputPaths = (
			);
			name = "[CP] Copy Pods Resources";
			outputPaths = (
			);
			runOnlyForDeploymentPostprocessing = 0;
			shellPath = /bin/sh;
			shellScript = "\"${SRCROOT}/Pods/Target Support Files/Pods-LaunchDarkly/Pods-LaunchDarkly-resources.sh\"\n";
			showEnvVarsInLog = 0;
		};
		DB1C5B6A0088E775CBC9A6DA /* [CP] Check Pods Manifest.lock */ = {
			isa = PBXShellScriptBuildPhase;
			buildActionMask = 2147483647;
			files = (
			);
			inputPaths = (
			);
			name = "[CP] Check Pods Manifest.lock";
			outputPaths = (
			);
			runOnlyForDeploymentPostprocessing = 0;
			shellPath = /bin/sh;
			shellScript = "diff \"${PODS_ROOT}/../Podfile.lock\" \"${PODS_ROOT}/Manifest.lock\" > /dev/null\nif [ $? != 0 ] ; then\n    # print error to STDERR\n    echo \"error: The sandbox is not in sync with the Podfile.lock. Run 'pod install' or update your CocoaPods installation.\" >&2\n    exit 1\nfi\n";
			showEnvVarsInLog = 0;
		};
/* End PBXShellScriptBuildPhase section */

/* Begin PBXSourcesBuildPhase section */
		694B48891E4CD8E2008BF9A1 /* Sources */ = {
			isa = PBXSourcesBuildPhase;
			buildActionMask = 2147483647;
			files = (
				69A762151E4DC38F00A8B2D1 /* LDEventModel.m in Sources */,
				69A7620F1E4DC38F00A8B2D1 /* LDClient.m in Sources */,
				69A7620D1E4DC38F00A8B2D1 /* DarklyConstants.m in Sources */,
				69A762131E4DC38F00A8B2D1 /* LDConfig.m in Sources */,
				69A762171E4DC38F00A8B2D1 /* LDFlagConfigModel.m in Sources */,
				69A762231E4DC38F00A8B2D1 /* NSDictionary+JSON.m in Sources */,
				69A762211E4DC38F00A8B2D1 /* LDUtil.m in Sources */,
				69A762191E4DC38F00A8B2D1 /* LDPollingManager.m in Sources */,
				69A762111E4DC38F00A8B2D1 /* LDClientManager.m in Sources */,
				69A7621F1E4DC38F00A8B2D1 /* LDUserModel.m in Sources */,
				69A7620A1E4DC38F00A8B2D1 /* LDDataManager.m in Sources */,
				69A7621D1E4DC38F00A8B2D1 /* LDUserBuilder.m in Sources */,
				69A7621B1E4DC38F00A8B2D1 /* LDRequestManager.m in Sources */,
			);
			runOnlyForDeploymentPostprocessing = 0;
		};
		694B48931E4CD8E2008BF9A1 /* Sources */ = {
			isa = PBXSourcesBuildPhase;
			buildActionMask = 2147483647;
			files = (
				69A762371E4DC39D00A8B2D1 /* NSArray+UnitTests.m in Sources */,
				69A762441E4DC39D00A8B2D1 /* LDUserModelTest.m in Sources */,
				69A762411E4DC39D00A8B2D1 /* LDUtilTest.m in Sources */,
				69A762401E4DC39D00A8B2D1 /* LDUserBuilderTest.m in Sources */,
				69A7623E1E4DC39D00A8B2D1 /* LDPollingManagerTest.m in Sources */,
				69A762431E4DC39D00A8B2D1 /* LDEventModelTest.m in Sources */,
				69A762381E4DC39D00A8B2D1 /* DarklyXCTestCase.m in Sources */,
				69A7623A1E4DC39D00A8B2D1 /* LDClientManagerTest.m in Sources */,
				69A7623C1E4DC39D00A8B2D1 /* LDConfigTest.m in Sources */,
				69A7623D1E4DC39D00A8B2D1 /* LDFlagConfigModelTest.m in Sources */,
				69A7623B1E4DC39D00A8B2D1 /* LDClientTest.m in Sources */,
				69A762421E4DC39D00A8B2D1 /* LDDataManagerTest.m in Sources */,
			);
			runOnlyForDeploymentPostprocessing = 0;
		};
/* End PBXSourcesBuildPhase section */

/* Begin PBXTargetDependency section */
		694B489A1E4CD8E2008BF9A1 /* PBXTargetDependency */ = {
			isa = PBXTargetDependency;
			target = 694B488D1E4CD8E2008BF9A1 /* LaunchDarkly */;
			targetProxy = 694B48991E4CD8E2008BF9A1 /* PBXContainerItemProxy */;
		};
/* End PBXTargetDependency section */

/* Begin XCBuildConfiguration section */
		694B48A01E4CD8E2008BF9A1 /* Debug */ = {
			isa = XCBuildConfiguration;
			buildSettings = {
				ALWAYS_SEARCH_USER_PATHS = NO;
				CLANG_ANALYZER_NONNULL = YES;
				CLANG_CXX_LANGUAGE_STANDARD = "gnu++0x";
				CLANG_CXX_LIBRARY = "libc++";
				CLANG_ENABLE_MODULES = YES;
				CLANG_ENABLE_OBJC_ARC = YES;
				CLANG_WARN_BOOL_CONVERSION = YES;
				CLANG_WARN_CONSTANT_CONVERSION = YES;
				CLANG_WARN_DIRECT_OBJC_ISA_USAGE = YES_ERROR;
				CLANG_WARN_DOCUMENTATION_COMMENTS = YES;
				CLANG_WARN_EMPTY_BODY = YES;
				CLANG_WARN_ENUM_CONVERSION = YES;
				CLANG_WARN_INFINITE_RECURSION = YES;
				CLANG_WARN_INT_CONVERSION = YES;
				CLANG_WARN_OBJC_ROOT_CLASS = YES_ERROR;
				CLANG_WARN_SUSPICIOUS_MOVE = YES;
				CLANG_WARN_UNREACHABLE_CODE = YES;
				CLANG_WARN__DUPLICATE_METHOD_MATCH = YES;
				"CODE_SIGN_IDENTITY[sdk=iphoneos*]" = "iPhone Developer";
				COPY_PHASE_STRIP = NO;
				CURRENT_PROJECT_VERSION = 1;
				DEBUG_INFORMATION_FORMAT = dwarf;
				ENABLE_STRICT_OBJC_MSGSEND = YES;
				ENABLE_TESTABILITY = YES;
				GCC_C_LANGUAGE_STANDARD = gnu99;
				GCC_DYNAMIC_NO_PIC = NO;
				GCC_NO_COMMON_BLOCKS = YES;
				GCC_OPTIMIZATION_LEVEL = 0;
				GCC_PREPROCESSOR_DEFINITIONS = (
					"DEBUG=1",
					"$(inherited)",
				);
				GCC_WARN_64_TO_32_BIT_CONVERSION = YES;
				GCC_WARN_ABOUT_RETURN_TYPE = YES_ERROR;
				GCC_WARN_UNDECLARED_SELECTOR = YES;
				GCC_WARN_UNINITIALIZED_AUTOS = YES_AGGRESSIVE;
				GCC_WARN_UNUSED_FUNCTION = YES;
				GCC_WARN_UNUSED_VARIABLE = YES;
				IPHONEOS_DEPLOYMENT_TARGET = 8.0;
				MTL_ENABLE_DEBUG_INFO = YES;
				ONLY_ACTIVE_ARCH = YES;
				SDKROOT = iphoneos;
				TARGETED_DEVICE_FAMILY = "1,2";
				VERSIONING_SYSTEM = "apple-generic";
				VERSION_INFO_PREFIX = "";
			};
			name = Debug;
		};
		694B48A11E4CD8E2008BF9A1 /* Release */ = {
			isa = XCBuildConfiguration;
			buildSettings = {
				ALWAYS_SEARCH_USER_PATHS = NO;
				CLANG_ANALYZER_NONNULL = YES;
				CLANG_CXX_LANGUAGE_STANDARD = "gnu++0x";
				CLANG_CXX_LIBRARY = "libc++";
				CLANG_ENABLE_MODULES = YES;
				CLANG_ENABLE_OBJC_ARC = YES;
				CLANG_WARN_BOOL_CONVERSION = YES;
				CLANG_WARN_CONSTANT_CONVERSION = YES;
				CLANG_WARN_DIRECT_OBJC_ISA_USAGE = YES_ERROR;
				CLANG_WARN_DOCUMENTATION_COMMENTS = YES;
				CLANG_WARN_EMPTY_BODY = YES;
				CLANG_WARN_ENUM_CONVERSION = YES;
				CLANG_WARN_INFINITE_RECURSION = YES;
				CLANG_WARN_INT_CONVERSION = YES;
				CLANG_WARN_OBJC_ROOT_CLASS = YES_ERROR;
				CLANG_WARN_SUSPICIOUS_MOVE = YES;
				CLANG_WARN_UNREACHABLE_CODE = YES;
				CLANG_WARN__DUPLICATE_METHOD_MATCH = YES;
				"CODE_SIGN_IDENTITY[sdk=iphoneos*]" = "iPhone Developer";
				COPY_PHASE_STRIP = NO;
				CURRENT_PROJECT_VERSION = 1;
				DEBUG_INFORMATION_FORMAT = "dwarf-with-dsym";
				ENABLE_NS_ASSERTIONS = NO;
				ENABLE_STRICT_OBJC_MSGSEND = YES;
				GCC_C_LANGUAGE_STANDARD = gnu99;
				GCC_NO_COMMON_BLOCKS = YES;
				GCC_WARN_64_TO_32_BIT_CONVERSION = YES;
				GCC_WARN_ABOUT_RETURN_TYPE = YES_ERROR;
				GCC_WARN_UNDECLARED_SELECTOR = YES;
				GCC_WARN_UNINITIALIZED_AUTOS = YES_AGGRESSIVE;
				GCC_WARN_UNUSED_FUNCTION = YES;
				GCC_WARN_UNUSED_VARIABLE = YES;
				IPHONEOS_DEPLOYMENT_TARGET = 8.0;
				MTL_ENABLE_DEBUG_INFO = NO;
				SDKROOT = iphoneos;
				TARGETED_DEVICE_FAMILY = "1,2";
				VALIDATE_PRODUCT = YES;
				VERSIONING_SYSTEM = "apple-generic";
				VERSION_INFO_PREFIX = "";
			};
			name = Release;
		};
		694B48A31E4CD8E2008BF9A1 /* Debug */ = {
			isa = XCBuildConfiguration;
			baseConfigurationReference = F40F81F9FD5537526B72743F /* Pods-LaunchDarkly.debug.xcconfig */;
			buildSettings = {
				CODE_SIGN_IDENTITY = "";
				DEFINES_MODULE = YES;
				DYLIB_COMPATIBILITY_VERSION = 1;
				DYLIB_CURRENT_VERSION = 1;
				DYLIB_INSTALL_NAME_BASE = "@rpath";
				FRAMEWORK_SEARCH_PATHS = "";
				INFOPLIST_FILE = LaunchDarkly/Info.plist;
				INSTALL_PATH = "$(LOCAL_LIBRARY_DIR)/Frameworks";
				IPHONEOS_DEPLOYMENT_TARGET = 8.0;
				LD_RUNPATH_SEARCH_PATHS = "$(inherited) @executable_path/Frameworks @loader_path/Frameworks";
				PRODUCT_BUNDLE_IDENTIFIER = com.launchdarkly.LaunchDarkly;
				PRODUCT_NAME = "$(TARGET_NAME)";
				SKIP_INSTALL = YES;
			};
			name = Debug;
		};
		694B48A41E4CD8E2008BF9A1 /* Release */ = {
			isa = XCBuildConfiguration;
			baseConfigurationReference = 0889A3318E1952C091C9B4F8 /* Pods-LaunchDarkly.release.xcconfig */;
			buildSettings = {
				CODE_SIGN_IDENTITY = "";
				DEFINES_MODULE = YES;
				DYLIB_COMPATIBILITY_VERSION = 1;
				DYLIB_CURRENT_VERSION = 1;
				DYLIB_INSTALL_NAME_BASE = "@rpath";
				FRAMEWORK_SEARCH_PATHS = "";
				INFOPLIST_FILE = LaunchDarkly/Info.plist;
				INSTALL_PATH = "$(LOCAL_LIBRARY_DIR)/Frameworks";
				IPHONEOS_DEPLOYMENT_TARGET = 8.0;
				LD_RUNPATH_SEARCH_PATHS = "$(inherited) @executable_path/Frameworks @loader_path/Frameworks";
				PRODUCT_BUNDLE_IDENTIFIER = com.launchdarkly.LaunchDarkly;
				PRODUCT_NAME = "$(TARGET_NAME)";
				SKIP_INSTALL = YES;
			};
			name = Release;
		};
		694B48A61E4CD8E2008BF9A1 /* Debug */ = {
			isa = XCBuildConfiguration;
			baseConfigurationReference = 298BA124F4D04C144082D8D2 /* Pods-LaunchDarklyTests.debug.xcconfig */;
			buildSettings = {
				INFOPLIST_FILE = LaunchDarklyTests/Info.plist;
				LD_RUNPATH_SEARCH_PATHS = "$(inherited) @executable_path/Frameworks @loader_path/Frameworks";
				PRODUCT_BUNDLE_IDENTIFIER = com.launchdarkly.LaunchDarklyTests;
				PRODUCT_NAME = "$(TARGET_NAME)";
			};
			name = Debug;
		};
		694B48A71E4CD8E2008BF9A1 /* Release */ = {
			isa = XCBuildConfiguration;
			baseConfigurationReference = 779CD9DB2FD0B27B6BE4A82F /* Pods-LaunchDarklyTests.release.xcconfig */;
			buildSettings = {
				INFOPLIST_FILE = LaunchDarklyTests/Info.plist;
				LD_RUNPATH_SEARCH_PATHS = "$(inherited) @executable_path/Frameworks @loader_path/Frameworks";
				PRODUCT_BUNDLE_IDENTIFIER = com.launchdarkly.LaunchDarklyTests;
				PRODUCT_NAME = "$(TARGET_NAME)";
			};
			name = Release;
		};
/* End XCBuildConfiguration section */

/* Begin XCConfigurationList section */
		694B48881E4CD8E2008BF9A1 /* Build configuration list for PBXProject "LaunchDarkly" */ = {
			isa = XCConfigurationList;
			buildConfigurations = (
				694B48A01E4CD8E2008BF9A1 /* Debug */,
				694B48A11E4CD8E2008BF9A1 /* Release */,
			);
			defaultConfigurationIsVisible = 0;
			defaultConfigurationName = Release;
		};
		694B48A21E4CD8E2008BF9A1 /* Build configuration list for PBXNativeTarget "LaunchDarkly" */ = {
			isa = XCConfigurationList;
			buildConfigurations = (
				694B48A31E4CD8E2008BF9A1 /* Debug */,
				694B48A41E4CD8E2008BF9A1 /* Release */,
			);
			defaultConfigurationIsVisible = 0;
			defaultConfigurationName = Release;
		};
		694B48A51E4CD8E2008BF9A1 /* Build configuration list for PBXNativeTarget "LaunchDarklyTests" */ = {
			isa = XCConfigurationList;
			buildConfigurations = (
				694B48A61E4CD8E2008BF9A1 /* Debug */,
				694B48A71E4CD8E2008BF9A1 /* Release */,
			);
			defaultConfigurationIsVisible = 0;
			defaultConfigurationName = Release;
		};
/* End XCConfigurationList section */
	};
	rootObject = 694B48851E4CD8E2008BF9A1 /* Project object */;
}
